
Microsoft Visual Studio Solution File, Format Version 12.00
# Visual Studio 15
VisualStudioVersion = 15.0.27428.2015
MinimumVisualStudioVersion = 10.0.40219.1
Project("{FAE04EC0-301F-11D3-BF4B-00C04F79EFBC}") = "SpotCheckSDK", "SpotCheckSDK\SpotCheckSDK.csproj", "{44A3EFF3-2A7F-42B0-B1F7-0B23E438C9A1}"
EndProject
Project("{FAE04EC0-301F-11D3-BF4B-00C04F79EFBC}") = "SpotCheckUnitTests", "BlackSmithUnitTests1\SpotCheckUnitTests.csproj", "{FA12F2F4-0329-4999-801F-EC2FD53FAECA}"
EndProject
Project("{FAE04EC0-301F-11D3-BF4B-00C04F79EFBC}") = "SpotCheck", "SpotCheck\SpotCheck.csproj", "{DD1868A1-935C-4421-8F94-08B142839070}"
EndProject
Project("{2150E333-8FDC-42A3-9474-1A3956D46DE8}") = "exe", "exe", "{4AF6238D-78D0-4F0E-9CAB-2BE30106063C}"
	ProjectSection(SolutionItems) = preProject
		..\..\..\Desktop\SpotCheck Console.zip = ..\..\..\Desktop\SpotCheck Console.zip
	EndProjectSection
EndProject
Global
	GlobalSection(SolutionConfigurationPlatforms) = preSolution
		Debug|Any CPU = Debug|Any CPU
		Release|Any CPU = Release|Any CPU
	EndGlobalSection
	GlobalSection(ProjectConfigurationPlatforms) = postSolution
		{44A3EFF3-2A7F-42B0-B1F7-0B23E438C9A1}.Debug|Any CPU.ActiveCfg = Debug|Any CPU
		{44A3EFF3-2A7F-42B0-B1F7-0B23E438C9A1}.Debug|Any CPU.Build.0 = Debug|Any CPU
		{44A3EFF3-2A7F-42B0-B1F7-0B23E438C9A1}.Release|Any CPU.ActiveCfg = Release|Any CPU
		{44A3EFF3-2A7F-42B0-B1F7-0B23E438C9A1}.Release|Any CPU.Build.0 = Release|Any CPU
		{FA12F2F4-0329-4999-801F-EC2FD53FAECA}.Debug|Any CPU.ActiveCfg = Debug|Any CPU
		{FA12F2F4-0329-4999-801F-EC2FD53FAECA}.Debug|Any CPU.Build.0 = Debug|Any CPU
		{FA12F2F4-0329-4999-801F-EC2FD53FAECA}.Release|Any CPU.ActiveCfg = Release|Any CPU
		{FA12F2F4-0329-4999-801F-EC2FD53FAECA}.Release|Any CPU.Build.0 = Release|Any CPU
		{DD1868A1-935C-4421-8F94-08B142839070}.Debug|Any CPU.ActiveCfg = Debug|Any CPU
		{DD1868A1-935C-4421-8F94-08B142839070}.Debug|Any CPU.Build.0 = Debug|Any CPU
		{DD1868A1-935C-4421-8F94-08B142839070}.Release|Any CPU.ActiveCfg = Release|Any CPU
		{DD1868A1-935C-4421-8F94-08B142839070}.Release|Any CPU.Build.0 = Release|Any CPU
	EndGlobalSection
	GlobalSection(SolutionProperties) = preSolution
		HideSolutionNode = FALSE
	EndGlobalSection
	GlobalSection(ExtensibilityGlobals) = postSolution
		SolutionGuid = {467A2749-33B0-4B85-BDEB-B6C2DC97627E}
	EndGlobalSection
EndGlobal
